
Microsoft Visual Studio Solution File, Format Version 12.00
# Visual Studio Version 17
VisualStudioVersion = 17.5.2.0
MinimumVisualStudioVersion = 10.0.40219.1
Project("{FAE04EC0-301F-11D3-BF4B-00C04F79EFBC}") = "10xJournal.Client", "10xJournal.Client\10xJournal.Client.csproj", "{277FAF92-2EE5-B8B6-14A0-4C05D42CC9B2}"
EndProject
Project("{FAE04EC0-301F-11D3-BF4B-00C04F79EFBC}") = "10xJournal.Client.Tests", "10xJournal.Client.Tests\10xJournal.Client.Tests.csproj", "{1EFA7B07-C18D-4BB5-91A8-0DE9A1D4059A}"
EndProject
Project("{FAE04EC0-301F-11D3-BF4B-00C04F79EFBC}") = "10xJournal.E2E.Tests", "10xJournal.E2E.Tests\10xJournal.E2E.Tests.csproj", "{79F0B6AE-298B-4AE8-B0FB-1E64A350C13A}"
EndProject
Global
	GlobalSection(SolutionConfigurationPlatforms) = preSolution
		Debug|Any CPU = Debug|Any CPU
		Debug|x64 = Debug|x64
		Debug|x86 = Debug|x86
		Release|Any CPU = Release|Any CPU
		Release|x64 = Release|x64
		Release|x86 = Release|x86
	EndGlobalSection
	GlobalSection(ProjectConfigurationPlatforms) = postSolution
		{277FAF92-2EE5-B8B6-14A0-4C05D42CC9B2}.Debug|Any CPU.ActiveCfg = Debug|Any CPU
		{277FAF92-2EE5-B8B6-14A0-4C05D42CC9B2}.Debug|Any CPU.Build.0 = Debug|Any CPU
		{277FAF92-2EE5-B8B6-14A0-4C05D42CC9B2}.Debug|x64.ActiveCfg = Debug|Any CPU
		{277FAF92-2EE5-B8B6-14A0-4C05D42CC9B2}.Debug|x64.Build.0 = Debug|Any CPU
		{277FAF92-2EE5-B8B6-14A0-4C05D42CC9B2}.Debug|x86.ActiveCfg = Debug|Any CPU
		{277FAF92-2EE5-B8B6-14A0-4C05D42CC9B2}.Debug|x86.Build.0 = Debug|Any CPU
		{277FAF92-2EE5-B8B6-14A0-4C05D42CC9B2}.Release|Any CPU.ActiveCfg = Release|Any CPU
		{277FAF92-2EE5-B8B6-14A0-4C05D42CC9B2}.Release|Any CPU.Build.0 = Release|Any CPU
		{277FAF92-2EE5-B8B6-14A0-4C05D42CC9B2}.Release|x64.ActiveCfg = Release|Any CPU
		{277FAF92-2EE5-B8B6-14A0-4C05D42CC9B2}.Release|x64.Build.0 = Release|Any CPU
		{277FAF92-2EE5-B8B6-14A0-4C05D42CC9B2}.Release|x86.ActiveCfg = Release|Any CPU
		{277FAF92-2EE5-B8B6-14A0-4C05D42CC9B2}.Release|x86.Build.0 = Release|Any CPU
		{1EFA7B07-C18D-4BB5-91A8-0DE9A1D4059A}.Debug|Any CPU.ActiveCfg = Debug|Any CPU
		{1EFA7B07-C18D-4BB5-91A8-0DE9A1D4059A}.Debug|Any CPU.Build.0 = Debug|Any CPU
		{1EFA7B07-C18D-4BB5-91A8-0DE9A1D4059A}.Debug|x64.ActiveCfg = Debug|Any CPU
		{1EFA7B07-C18D-4BB5-91A8-0DE9A1D4059A}.Debug|x64.Build.0 = Debug|Any CPU
		{1EFA7B07-C18D-4BB5-91A8-0DE9A1D4059A}.Debug|x86.ActiveCfg = Debug|Any CPU
		{1EFA7B07-C18D-4BB5-91A8-0DE9A1D4059A}.Debug|x86.Build.0 = Debug|Any CPU
		{1EFA7B07-C18D-4BB5-91A8-0DE9A1D4059A}.Release|Any CPU.ActiveCfg = Release|Any CPU
		{1EFA7B07-C18D-4BB5-91A8-0DE9A1D4059A}.Release|Any CPU.Build.0 = Release|Any CPU
		{1EFA7B07-C18D-4BB5-91A8-0DE9A1D4059A}.Release|x64.ActiveCfg = Release|Any CPU
		{1EFA7B07-C18D-4BB5-91A8-0DE9A1D4059A}.Release|x64.Build.0 = Release|Any CPU
		{1EFA7B07-C18D-4BB5-91A8-0DE9A1D4059A}.Release|x86.ActiveCfg = Release|Any CPU
		{1EFA7B07-C18D-4BB5-91A8-0DE9A1D4059A}.Release|x86.Build.0 = Release|Any CPU
		{79F0B6AE-298B-4AE8-B0FB-1E64A350C13A}.Debug|Any CPU.ActiveCfg = Debug|Any CPU
		{79F0B6AE-298B-4AE8-B0FB-1E64A350C13A}.Debug|Any CPU.Build.0 = Debug|Any CPU
		{79F0B6AE-298B-4AE8-B0FB-1E64A350C13A}.Debug|x64.ActiveCfg = Debug|Any CPU
		{79F0B6AE-298B-4AE8-B0FB-1E64A350C13A}.Debug|x64.Build.0 = Debug|Any CPU
		{79F0B6AE-298B-4AE8-B0FB-1E64A350C13A}.Debug|x86.ActiveCfg = Debug|Any CPU
		{79F0B6AE-298B-4AE8-B0FB-1E64A350C13A}.Debug|x86.Build.0 = Debug|Any CPU
		{79F0B6AE-298B-4AE8-B0FB-1E64A350C13A}.Release|Any CPU.ActiveCfg = Release|Any CPU
		{79F0B6AE-298B-4AE8-B0FB-1E64A350C13A}.Release|Any CPU.Build.0 = Release|Any CPU
		{79F0B6AE-298B-4AE8-B0FB-1E64A350C13A}.Release|x64.ActiveCfg = Release|Any CPU
		{79F0B6AE-298B-4AE8-B0FB-1E64A350C13A}.Release|x64.Build.0 = Release|Any CPU
		{79F0B6AE-298B-4AE8-B0FB-1E64A350C13A}.Release|x86.ActiveCfg = Release|Any CPU
		{79F0B6AE-298B-4AE8-B0FB-1E64A350C13A}.Release|x86.Build.0 = Release|Any CPU
	EndGlobalSection
	GlobalSection(SolutionProperties) = preSolution
		HideSolutionNode = FALSE
	EndGlobalSection
	GlobalSection(ExtensibilityGlobals) = postSolution
		SolutionGuid = {C2427F88-EB2F-495A-8D07-B7D918D054CA}
	EndGlobalSection
EndGlobal
